
Microsoft Visual Studio Solution File, Format Version 12.00
# Visual Studio Version 17
VisualStudioVersion = 17.13.35931.197 d17.13
MinimumVisualStudioVersion = 10.0.40219.1
Project("{FAE04EC0-301F-11D3-BF4B-00C04F79EFBC}") = "ProjectSDA", "ProjectSDA\ProjectSDA.csproj", "{6FB23AC7-E59F-45B8-8D6E-572D482C5DE6}"
EndProject
Global
	GlobalSection(SolutionConfigurationPlatforms) = preSolution
		Debug|Any CPU = Debug|Any CPU
		Release|Any CPU = Release|Any CPU
	EndGlobalSection
	GlobalSection(ProjectConfigurationPlatforms) = postSolution
		{6FB23AC7-E59F-45B8-8D6E-572D482C5DE6}.Debug|Any CPU.ActiveCfg = Debug|Any CPU
		{6FB23AC7-E59F-45B8-8D6E-572D482C5DE6}.Debug|Any CPU.Build.0 = Debug|Any CPU
		{6FB23AC7-E59F-45B8-8D6E-572D482C5DE6}.Release|Any CPU.ActiveCfg = Release|Any CPU
		{6FB23AC7-E59F-45B8-8D6E-572D482C5DE6}.Release|Any CPU.Build.0 = Release|Any CPU
	EndGlobalSection
	GlobalSection(SolutionProperties) = preSolution
		HideSolutionNode = FALSE
	EndGlobalSection
	GlobalSection(ExtensibilityGlobals) = postSolution
		SolutionGuid = {0183062A-5481-4AF1-A330-E1BCB8CAF0F3}
	EndGlobalSection
EndGlobal
